
Microsoft Visual Studio Solution File, Format Version 12.00
# Visual Studio Version 16
VisualStudioVersion = 16.0.29613.14
MinimumVisualStudioVersion = 10.0.40219.1
Project("{2150E333-8FDC-42A3-9474-1A3956D46DE8}") = ".paket", ".paket", "{1BEC2F6C-4A62-4149-BC7C-0C38CF27215D}"
	ProjectSection(SolutionItems) = preProject
		paket.dependencies = paket.dependencies
	EndProjectSection
EndProject
Project("{6EC3EE1D-3C4E-46DD-8F32-0CC8E7565705}") = "TypesTSFSTest", "TypesTSFSTest\TypesTSFSTest.fsproj", "{836EC0D7-FA90-45C1-86B8-7A8354384CF1}"
EndProject
Project("{2150E333-8FDC-42A3-9474-1A3956D46DE8}") = "Solution Items", "Solution Items", "{75680FB9-52EF-474A-9647-42B8C06BDAD0}"
	ProjectSection(SolutionItems) = preProject
		paket.dependencies = paket.dependencies
	EndProjectSection
EndProject
Project("{6EC3EE1D-3C4E-46DD-8F32-0CC8E7565705}") = "TypesTSFS", "TypesTSFS\TypesTSFS.fsproj", "{A57AD55E-84C5-47E6-BD22-C4CBDE87FC66}"
EndProject
Global
	GlobalSection(SolutionConfigurationPlatforms) = preSolution
		Debug|Any CPU = Debug|Any CPU
		Release|Any CPU = Release|Any CPU
	EndGlobalSection
	GlobalSection(ProjectConfigurationPlatforms) = postSolution
		{836EC0D7-FA90-45C1-86B8-7A8354384CF1}.Debug|Any CPU.ActiveCfg = Debug|Any CPU
		{836EC0D7-FA90-45C1-86B8-7A8354384CF1}.Debug|Any CPU.Build.0 = Debug|Any CPU
		{836EC0D7-FA90-45C1-86B8-7A8354384CF1}.Release|Any CPU.ActiveCfg = Release|Any CPU
		{836EC0D7-FA90-45C1-86B8-7A8354384CF1}.Release|Any CPU.Build.0 = Release|Any CPU
		{A57AD55E-84C5-47E6-BD22-C4CBDE87FC66}.Debug|Any CPU.ActiveCfg = Debug|Any CPU
		{A57AD55E-84C5-47E6-BD22-C4CBDE87FC66}.Debug|Any CPU.Build.0 = Debug|Any CPU
		{A57AD55E-84C5-47E6-BD22-C4CBDE87FC66}.Release|Any CPU.ActiveCfg = Release|Any CPU
		{A57AD55E-84C5-47E6-BD22-C4CBDE87FC66}.Release|Any CPU.Build.0 = Release|Any CPU
	EndGlobalSection
	GlobalSection(SolutionProperties) = preSolution
		HideSolutionNode = FALSE
	EndGlobalSection
	GlobalSection(ExtensibilityGlobals) = postSolution
		SolutionGuid = {ABB84604-D560-489B-97A4-715523EC1FEE}
	EndGlobalSection
EndGlobal
